
Microsoft Visual Studio Solution File, Format Version 12.00
# Visual Studio Version 17
VisualStudioVersion = 17.3.32804.467
MinimumVisualStudioVersion = 10.0.40219.1
Project("{FAE04EC0-301F-11D3-BF4B-00C04F79EFBC}") = "Il Projeticato", "Il Projeticato\Il Projeticato.csproj", "{712C23D5-B57E-451F-B063-586F1761F8AC}"
EndProject
Global
	GlobalSection(SolutionConfigurationPlatforms) = preSolution
		Debug|Any CPU = Debug|Any CPU
		Release|Any CPU = Release|Any CPU
	EndGlobalSection
	GlobalSection(ProjectConfigurationPlatforms) = postSolution
		{712C23D5-B57E-451F-B063-586F1761F8AC}.Debug|Any CPU.ActiveCfg = Debug|Any CPU
		{712C23D5-B57E-451F-B063-586F1761F8AC}.Debug|Any CPU.Build.0 = Debug|Any CPU
		{712C23D5-B57E-451F-B063-586F1761F8AC}.Release|Any CPU.ActiveCfg = Release|Any CPU
		{712C23D5-B57E-451F-B063-586F1761F8AC}.Release|Any CPU.Build.0 = Release|Any CPU
	EndGlobalSection
	GlobalSection(SolutionProperties) = preSolution
		HideSolutionNode = FALSE
	EndGlobalSection
	GlobalSection(ExtensibilityGlobals) = postSolution
		SolutionGuid = {13DD877A-3875-4D85-9511-C384D676F783}
	EndGlobalSection
EndGlobal
